
Microsoft Visual Studio Solution File, Format Version 12.00
# Visual Studio 15
VisualStudioVersion = 15.0.28307.1267
MinimumVisualStudioVersion = 10.0.40219.1
Project("{FAE04EC0-301F-11D3-BF4B-00C04F79EFBC}") = "CSF1Homework", "CSF1Homework\CSF1Homework.csproj", "{FEBAAEF1-84AD-4784-87D9-A6AE9E4A434D}"
EndProject
Global
	GlobalSection(SolutionConfigurationPlatforms) = preSolution
		Debug|Any CPU = Debug|Any CPU
		Release|Any CPU = Release|Any CPU
	EndGlobalSection
	GlobalSection(ProjectConfigurationPlatforms) = postSolution
		{FEBAAEF1-84AD-4784-87D9-A6AE9E4A434D}.Debug|Any CPU.ActiveCfg = Debug|Any CPU
		{FEBAAEF1-84AD-4784-87D9-A6AE9E4A434D}.Debug|Any CPU.Build.0 = Debug|Any CPU
		{FEBAAEF1-84AD-4784-87D9-A6AE9E4A434D}.Release|Any CPU.ActiveCfg = Release|Any CPU
		{FEBAAEF1-84AD-4784-87D9-A6AE9E4A434D}.Release|Any CPU.Build.0 = Release|Any CPU
	EndGlobalSection
	GlobalSection(SolutionProperties) = preSolution
		HideSolutionNode = FALSE
	EndGlobalSection
	GlobalSection(ExtensibilityGlobals) = postSolution
		SolutionGuid = {B7E8BC5F-E209-46C3-8F3C-F4B9B8C5F277}
	EndGlobalSection
EndGlobal
